
Microsoft Visual Studio Solution File, Format Version 12.00
# Visual Studio Version 17
VisualStudioVersion = 17.2.32630.192
MinimumVisualStudioVersion = 10.0.40219.1
Project("{FAE04EC0-301F-11D3-BF4B-00C04F79EFBC}") = "UTCtoLocalTime", "UTCtoLocalTime\UTCtoLocalTime.csproj", "{17F5255E-D72F-4E8B-90F0-23A01914121B}"
EndProject
Global
	GlobalSection(SolutionConfigurationPlatforms) = preSolution
		Debug|Any CPU = Debug|Any CPU
		Release|Any CPU = Release|Any CPU
	EndGlobalSection
	GlobalSection(ProjectConfigurationPlatforms) = postSolution
		{17F5255E-D72F-4E8B-90F0-23A01914121B}.Debug|Any CPU.ActiveCfg = Debug|Any CPU
		{17F5255E-D72F-4E8B-90F0-23A01914121B}.Debug|Any CPU.Build.0 = Debug|Any CPU
		{17F5255E-D72F-4E8B-90F0-23A01914121B}.Release|Any CPU.ActiveCfg = Release|Any CPU
		{17F5255E-D72F-4E8B-90F0-23A01914121B}.Release|Any CPU.Build.0 = Release|Any CPU
	EndGlobalSection
	GlobalSection(SolutionProperties) = preSolution
		HideSolutionNode = FALSE
	EndGlobalSection
	GlobalSection(ExtensibilityGlobals) = postSolution
		SolutionGuid = {95494B52-6B9D-4464-8D03-CE28F581A933}
	EndGlobalSection
EndGlobal
